
Microsoft Visual Studio Solution File, Format Version 12.00
# Visual Studio Version 16
VisualStudioVersion = 16.0.30320.27
MinimumVisualStudioVersion = 10.0.40219.1
Project("{9A19103F-16F7-4668-BE54-9A1E7A4F7556}") = "Learn 1", "Learn 1\Learn 1.csproj", "{143D44E2-99D7-45C9-8890-9FD2D2C1CB7C}"
EndProject
Project("{2150E333-8FDC-42A3-9474-1A3956D46DE8}") = "Test", "Test", "{42AB2C5B-2A5F-4A71-B745-E6C3616016C8}"
EndProject
Project("{FAE04EC0-301F-11D3-BF4B-00C04F79EFBC}") = "LearnCon", "LearnCon\LearnCon.csproj", "{CD38B458-B405-490F-A56B-C67233EC1AE4}"
EndProject
Project("{FAE04EC0-301F-11D3-BF4B-00C04F79EFBC}") = "LearnTest", "LearnTest\LearnTest.csproj", "{DAC31A86-4794-483C-81A3-6B99E48AB796}"
EndProject
Global
	GlobalSection(SolutionConfigurationPlatforms) = preSolution
		Debug|Any CPU = Debug|Any CPU
		Release|Any CPU = Release|Any CPU
	EndGlobalSection
	GlobalSection(ProjectConfigurationPlatforms) = postSolution
		{143D44E2-99D7-45C9-8890-9FD2D2C1CB7C}.Debug|Any CPU.ActiveCfg = Debug|Any CPU
		{143D44E2-99D7-45C9-8890-9FD2D2C1CB7C}.Debug|Any CPU.Build.0 = Debug|Any CPU
		{143D44E2-99D7-45C9-8890-9FD2D2C1CB7C}.Release|Any CPU.ActiveCfg = Release|Any CPU
		{143D44E2-99D7-45C9-8890-9FD2D2C1CB7C}.Release|Any CPU.Build.0 = Release|Any CPU
		{CD38B458-B405-490F-A56B-C67233EC1AE4}.Debug|Any CPU.ActiveCfg = Debug|Any CPU
		{CD38B458-B405-490F-A56B-C67233EC1AE4}.Debug|Any CPU.Build.0 = Debug|Any CPU
		{CD38B458-B405-490F-A56B-C67233EC1AE4}.Release|Any CPU.ActiveCfg = Release|Any CPU
		{CD38B458-B405-490F-A56B-C67233EC1AE4}.Release|Any CPU.Build.0 = Release|Any CPU
		{DAC31A86-4794-483C-81A3-6B99E48AB796}.Debug|Any CPU.ActiveCfg = Debug|Any CPU
		{DAC31A86-4794-483C-81A3-6B99E48AB796}.Debug|Any CPU.Build.0 = Debug|Any CPU
		{DAC31A86-4794-483C-81A3-6B99E48AB796}.Release|Any CPU.ActiveCfg = Release|Any CPU
		{DAC31A86-4794-483C-81A3-6B99E48AB796}.Release|Any CPU.Build.0 = Release|Any CPU
	EndGlobalSection
	GlobalSection(SolutionProperties) = preSolution
		HideSolutionNode = FALSE
	EndGlobalSection
	GlobalSection(NestedProjects) = preSolution
		{CD38B458-B405-490F-A56B-C67233EC1AE4} = {42AB2C5B-2A5F-4A71-B745-E6C3616016C8}
		{DAC31A86-4794-483C-81A3-6B99E48AB796} = {42AB2C5B-2A5F-4A71-B745-E6C3616016C8}
	EndGlobalSection
	GlobalSection(ExtensibilityGlobals) = postSolution
		SolutionGuid = {7D1DBEB9-099F-40ED-8147-543715D67A67}
	EndGlobalSection
EndGlobal
